
Microsoft Visual Studio Solution File, Format Version 12.00
# Visual Studio Version 16
VisualStudioVersion = 16.0.32510.428
MinimumVisualStudioVersion = 10.0.40219.1
Project("{FAE04EC0-301F-11D3-BF4B-00C04F79EFBC}") = "Coin amounts", "Coin amounts\Coin amounts.csproj", "{B623B1FC-E251-4953-81A1-77B98B6A6495}"
EndProject
Global
	GlobalSection(SolutionConfigurationPlatforms) = preSolution
		Debug|Any CPU = Debug|Any CPU
		Release|Any CPU = Release|Any CPU
	EndGlobalSection
	GlobalSection(ProjectConfigurationPlatforms) = postSolution
		{B623B1FC-E251-4953-81A1-77B98B6A6495}.Debug|Any CPU.ActiveCfg = Debug|Any CPU
		{B623B1FC-E251-4953-81A1-77B98B6A6495}.Debug|Any CPU.Build.0 = Debug|Any CPU
		{B623B1FC-E251-4953-81A1-77B98B6A6495}.Release|Any CPU.ActiveCfg = Release|Any CPU
		{B623B1FC-E251-4953-81A1-77B98B6A6495}.Release|Any CPU.Build.0 = Release|Any CPU
	EndGlobalSection
	GlobalSection(SolutionProperties) = preSolution
		HideSolutionNode = FALSE
	EndGlobalSection
	GlobalSection(ExtensibilityGlobals) = postSolution
		SolutionGuid = {5EA8527C-6DCB-479D-994E-5656406A0B30}
	EndGlobalSection
EndGlobal
